
Microsoft Visual Studio Solution File, Format Version 12.00
# Visual Studio Version 16
VisualStudioVersion = 16.0.30717.126
MinimumVisualStudioVersion = 10.0.40219.1
Project("{FAE04EC0-301F-11D3-BF4B-00C04F79EFBC}") = "BookStore", "BookStore\BookStore.csproj", "{F09763C0-913C-4F37-9657-D8677618A2DA}"
EndProject
Project("{54435603-DBB4-11D2-8724-00A0C9A8B90C}") = "Book Catalogue", "Book Catalogue\Book Catalogue.vdproj", "{2C709D6B-A0F1-4944-9C27-92785404C689}"
EndProject
Global
	GlobalSection(SolutionConfigurationPlatforms) = preSolution
		Debug|Any CPU = Debug|Any CPU
		Release|Any CPU = Release|Any CPU
	EndGlobalSection
	GlobalSection(ProjectConfigurationPlatforms) = postSolution
		{F09763C0-913C-4F37-9657-D8677618A2DA}.Debug|Any CPU.ActiveCfg = Debug|Any CPU
		{F09763C0-913C-4F37-9657-D8677618A2DA}.Debug|Any CPU.Build.0 = Debug|Any CPU
		{F09763C0-913C-4F37-9657-D8677618A2DA}.Release|Any CPU.ActiveCfg = Release|Any CPU
		{F09763C0-913C-4F37-9657-D8677618A2DA}.Release|Any CPU.Build.0 = Release|Any CPU
		{2C709D6B-A0F1-4944-9C27-92785404C689}.Debug|Any CPU.ActiveCfg = Debug
		{2C709D6B-A0F1-4944-9C27-92785404C689}.Release|Any CPU.ActiveCfg = Release
	EndGlobalSection
	GlobalSection(SolutionProperties) = preSolution
		HideSolutionNode = FALSE
	EndGlobalSection
	GlobalSection(ExtensibilityGlobals) = postSolution
		SolutionGuid = {95F324DD-5091-4763-9335-5F747BE0C44B}
	EndGlobalSection
EndGlobal
